<?xml version="1.0" encoding="utf-8"?>
<Project ToolsVersion="4.0" xmlns="http://schemas.microsoft.com/developer/msbuild/2003">
  <ItemGroup>
    <Filter Include="Source Files">
      <UniqueIdentifier>{4FC737F1-C7A5-4376-A066-2A32D752A2FF}</UniqueIdentifier>
      <Extensions>cpp;c;cc;cxx;def;odl;idl;hpj;bat;asm;asmx</Extensions>
    </Filter>
    <Filter Include="Header Files">
      <UniqueIdentifier>{93995380-89BD-4b04-88EB-625FBE52EBFB}</UniqueIdentifier>
      <Extensions>h;hh;hpp;hxx;hm;inl;inc;xsd</Extensions>
    </Filter>
    <Filter Include="Resource Files">
      <UniqueIdentifier>{67DA6AB6-F800-4c08-8B7A-83BB121AAD01}</UniqueIdentifier>
      <Extensions>rc;ico;cur;bmp;dlg;rc2;rct;bin;rgs;gif;jpg;jpeg;jpe;resx;tiff;tif;png;wav;mfcribbon-ms</Extensions>
    </Filter>
    <Filter Include="Header Files\Component">
      <UniqueIdentifier>{76fe0d0f-5f95-4dc2-a75e-89c26a5ae3d8}</UniqueIdentifier>
    </Filter>
    <Filter Include="Source Files\Component">
      <UniqueIdentifier>{ee2ec337-da54-44d4-bd8a-2b5f0732474e}</UniqueIdentifier>
    </Filter>
    <Filter Include="Header Files\Core">
      <UniqueIdentifier>{adc88567-1695-4dab-8275-900bf206e882}</UniqueIdentifier>
    </Filter>
    <Filter Include="Header Files\Entity">
      <UniqueIdentifier>{a29f3cea-1053-4a4f-ac95-bc157ed12d4b}</UniqueIdentifier>
    </Filter>
    <Filter Include="Header Files\Graphic">
      <UniqueIdentifier>{c765bfe3-75ef-45d3-957c-44466bf97a90}</UniqueIdentifier>
    </Filter>
    <Filter Include="Header Files\Lua">
      <UniqueIdentifier>{d5129f7a-a918-4f73-ab5e-5cb36b40c692}</UniqueIdentifier>
    </Filter>
    <Filter Include="Source Files\Core">
      <UniqueIdentifier>{53b96969-e58f-4171-8aa6-5f966167db75}</UniqueIdentifier>
    </Filter>
    <Filter Include="Source Files\Graphic">
      <UniqueIdentifier>{46493e96-ed23-40a6-ad0c-4659b26b302a}</UniqueIdentifier>
    </Filter>
    <Filter Include="Source Files\Entity">
      <UniqueIdentifier>{5497ee25-fce4-4fe0-94f3-0fc09e82bf2a}</UniqueIdentifier>
    </Filter>
    <Filter Include="Source Files\Lua">
      <UniqueIdentifier>{b03abb8b-deba-41eb-aa57-80efe561fef0}</UniqueIdentifier>
    </Filter>
    <Filter Include="Header Files\Factory">
      <UniqueIdentifier>{56fd3a61-b257-4d3d-ae59-87f6a385eb02}</UniqueIdentifier>
    </Filter>
    <Filter Include="Source Files\Factory">
      <UniqueIdentifier>{5e63750d-16ff-41bb-8464-3281adfb0b50}</UniqueIdentifier>
    </Filter>
    <Filter Include="Header Files\IO">
      <UniqueIdentifier>{66753662-d896-4c3b-a2b9-4ae37938bb35}</UniqueIdentifier>
    </Filter>
    <Filter Include="Source Files\IO">
      <UniqueIdentifier>{66aa463f-e883-49e6-b7d9-37d7d72bba23}</UniqueIdentifier>
    </Filter>
    <Filter Include="Header Files\Utilities">
      <UniqueIdentifier>{44b1b072-c97c-4824-bbe5-08279c7edd94}</UniqueIdentifier>
    </Filter>
    <Filter Include="Source Files\Utilities">
      <UniqueIdentifier>{8bc6aecc-4add-4918-afa4-3510a0dcb23a}</UniqueIdentifier>
    </Filter>
  </ItemGroup>
  <ItemGroup>
    <ClCompile Include="component.cpp">
      <Filter>Source Files\Component</Filter>
    </ClCompile>
    <ClCompile Include="graphic_component.cpp">
      <Filter>Source Files\Component</Filter>
    </ClCompile>
    <ClCompile Include="counter.cpp">
      <Filter>Source Files\Core</Filter>
    </ClCompile>
    <ClCompile Include="engine.cpp">
      <Filter>Source Files\Core</Filter>
    </ClCompile>
    <ClCompile Include="engine_vars.cpp">
      <Filter>Source Files\Core</Filter>
    </ClCompile>
    <ClCompile Include="event_system.cpp">
      <Filter>Source Files\Core</Filter>
    </ClCompile>
    <ClCompile Include="object_system.cpp">
      <Filter>Source Files\Core</Filter>
    </ClCompile>
    <ClCompile Include="timer.cpp">
      <Filter>Source Files\Core</Filter>
    </ClCompile>
    <ClCompile Include="window.cpp">
      <Filter>Source Files\Core</Filter>
    </ClCompile>
    <ClCompile Include="shader_program.cpp">
      <Filter>Source Files\Graphic</Filter>
    </ClCompile>
    <ClCompile Include="entity.cpp">
      <Filter>Source Files\Entity</Filter>
    </ClCompile>
    <ClCompile Include="render_scene.cpp">
      <Filter>Source Files\Graphic</Filter>
    </ClCompile>
    <ClCompile Include="lua_interface.cpp">
      <Filter>Source Files\Lua</Filter>
    </ClCompile>
    <ClCompile Include="factory.cpp">
      <Filter>Source Files\Factory</Filter>
    </ClCompile>
    <ClCompile Include="commands.cpp">
      <Filter>Source Files\Core</Filter>
    </ClCompile>
    <ClCompile Include="graphic_system.cpp">
      <Filter>Source Files\Graphic</Filter>
    </ClCompile>
    <ClCompile Include="binary_IO.cpp">
      <Filter>Source Files\IO</Filter>
    </ClCompile>
    <ClCompile Include="log_system.cpp">
      <Filter>Source Files\Core</Filter>
    </ClCompile>
    <ClCompile Include="resources_IO.cpp">
      <Filter>Source Files\IO</Filter>
    </ClCompile>
    <ClCompile Include="file_formats.cpp">
      <Filter>Source Files\IO</Filter>
    </ClCompile>
    <ClCompile Include="platform.cpp">
      <Filter>Source Files\Core</Filter>
    </ClCompile>
    <ClCompile Include="model_importer.cpp">
      <Filter>Source Files\Utilities</Filter>
    </ClCompile>
  </ItemGroup>
  <ItemGroup>
    <ClInclude Include="component.h">
      <Filter>Header Files\Component</Filter>
    </ClInclude>
    <ClInclude Include="graphic_component.h">
      <Filter>Header Files\Component</Filter>
    </ClInclude>
    <ClInclude Include="counter.h">
      <Filter>Header Files\Core</Filter>
    </ClInclude>
    <ClInclude Include="engine.h">
      <Filter>Header Files\Core</Filter>
    </ClInclude>
    <ClInclude Include="event_system.h">
      <Filter>Header Files\Core</Filter>
    </ClInclude>
    <ClInclude Include="object_system.h">
      <Filter>Header Files\Core</Filter>
    </ClInclude>
    <ClInclude Include="timer.h">
      <Filter>Header Files\Core</Filter>
    </ClInclude>
    <ClInclude Include="window.h">
      <Filter>Header Files\Core</Filter>
    </ClInclude>
    <ClInclude Include="engine_vars.h">
      <Filter>Header Files\Core</Filter>
    </ClInclude>
    <ClInclude Include="entity.h">
      <Filter>Header Files\Entity</Filter>
    </ClInclude>
    <ClInclude Include="shader_program.h">
      <Filter>Header Files\Graphic</Filter>
    </ClInclude>
    <ClInclude Include="render_scene.h">
      <Filter>Header Files\Graphic</Filter>
    </ClInclude>
    <ClInclude Include="lua_interface.h">
      <Filter>Header Files\Lua</Filter>
    </ClInclude>
    <ClInclude Include="factory.h">
      <Filter>Header Files\Factory</Filter>
    </ClInclude>
    <ClInclude Include="commands.h">
      <Filter>Header Files\Core</Filter>
    </ClInclude>
    <ClInclude Include="events.h">
      <Filter>Header Files\Core</Filter>
    </ClInclude>
    <ClInclude Include="graphic_system.h">
      <Filter>Header Files\Graphic</Filter>
    </ClInclude>
    <ClInclude Include="binary_IO.h">
      <Filter>Header Files\IO</Filter>
    </ClInclude>
    <ClInclude Include="log_system.h">
      <Filter>Header Files\Core</Filter>
    </ClInclude>
    <ClInclude Include="resources_IO.h">
      <Filter>Header Files\IO</Filter>
    </ClInclude>
    <ClInclude Include="file_formats.h">
      <Filter>Header Files\IO</Filter>
    </ClInclude>
    <ClInclude Include="platform.h">
      <Filter>Header Files\Core</Filter>
    </ClInclude>
    <ClInclude Include="model_importer.h">
      <Filter>Header Files\Utilities</Filter>
    </ClInclude>
  </ItemGroup>
</Project>